// !$*UTF8*$!
{
	archiveVersion = 1;
	classes = {
	};
	objectVersion = 46;
	objects = {

/* Begin PBXBuildFile section */
		A2E280EC1D2B7B5A00C44B1B /* AppDelegate.swift in Sources */ = {isa = PBXBuildFile; fileRef = A2E280EB1D2B7B5A00C44B1B /* AppDelegate.swift */; };
		A2E280EE1D2B7B5A00C44B1B /* MealViewController.swift in Sources */ = {isa = PBXBuildFile; fileRef = A2E280ED1D2B7B5A00C44B1B /* MealViewController.swift */; };
		A2E280F11D2B7B5A00C44B1B /* Main.storyboard in Resources */ = {isa = PBXBuildFile; fileRef = A2E280EF1D2B7B5A00C44B1B /* Main.storyboard */; };
		A2E280F31D2B7B5A00C44B1B /* Assets.xcassets in Resources */ = {isa = PBXBuildFile; fileRef = A2E280F21D2B7B5A00C44B1B /* Assets.xcassets */; };
		A2E280F61D2B7B5A00C44B1B /* LaunchScreen.storyboard in Resources */ = {isa = PBXBuildFile; fileRef = A2E280F41D2B7B5A00C44B1B /* LaunchScreen.storyboard */; };
		A2E281011D2B7B5A00C44B1B /* FoodTrackerTests.swift in Sources */ = {isa = PBXBuildFile; fileRef = A2E281001D2B7B5A00C44B1B /* FoodTrackerTests.swift */; };
		A2E2810C1D2DF77400C44B1B /* RatingControl.swift in Sources */ = {isa = PBXBuildFile; fileRef = A2E2810B1D2DF77400C44B1B /* RatingControl.swift */; };
		A2E2810E1D319D8200C44B1B /* Meal.swift in Sources */ = {isa = PBXBuildFile; fileRef = A2E2810D1D319D8200C44B1B /* Meal.swift */; };
		A2E2810F1D319D8200C44B1B /* Meal.swift in Sources */ = {isa = PBXBuildFile; fileRef = A2E2810D1D319D8200C44B1B /* Meal.swift */; };
		A2E281111D31A5AE00C44B1B /* MealTableViewCell.swift in Sources */ = {isa = PBXBuildFile; fileRef = A2E281101D31A5AE00C44B1B /* MealTableViewCell.swift */; };
		A2E281141D31AECC00C44B1B /* MealTableViewController.swift in Sources */ = {isa = PBXBuildFile; fileRef = A2E281121D31AECC00C44B1B /* MealTableViewController.swift */; };
		A2E281151D31AECC00C44B1B /* MealTableViewController.xib in Resources */ = {isa = PBXBuildFile; fileRef = A2E281131D31AECC00C44B1B /* MealTableViewController.xib */; };
/* End PBXBuildFile section */

/* Begin PBXContainerItemProxy section */
		A2E280FD1D2B7B5A00C44B1B /* PBXContainerItemProxy */ = {
			isa = PBXContainerItemProxy;
			containerPortal = A2E280E01D2B7B5A00C44B1B /* Project object */;
			proxyType = 1;
			remoteGlobalIDString = A2E280E71D2B7B5A00C44B1B;
			remoteInfo = FoodTracker;
		};
/* End PBXContainerItemProxy section */

/* Begin PBXFileReference section */
		A2E280E81D2B7B5A00C44B1B /* FoodTracker.app */ = {isa = PBXFileReference; explicitFileType = wrapper.application; includeInIndex = 0; path = FoodTracker.app; sourceTree = BUILT_PRODUCTS_DIR; };
		A2E280EB1D2B7B5A00C44B1B /* AppDelegate.swift */ = {isa = PBXFileReference; lastKnownFileType = sourcecode.swift; path = AppDelegate.swift; sourceTree = "<group>"; };
		A2E280ED1D2B7B5A00C44B1B /* MealViewController.swift */ = {isa = PBXFileReference; lastKnownFileType = sourcecode.swift; path = MealViewController.swift; sourceTree = "<group>"; };
		A2E280F01D2B7B5A00C44B1B /* Base */ = {isa = PBXFileReference; lastKnownFileType = file.storyboard; name = Base; path = Base.lproj/Main.storyboard; sourceTree = "<group>"; };
		A2E280F21D2B7B5A00C44B1B /* Assets.xcassets */ = {isa = PBXFileReference; lastKnownFileType = folder.assetcatalog; path = Assets.xcassets; sourceTree = "<group>"; };
		A2E280F51D2B7B5A00C44B1B /* Base */ = {isa = PBXFileReference; lastKnownFileType = file.storyboard; name = Base; path = Base.lproj/LaunchScreen.storyboard; sourceTree = "<group>"; };
		A2E280F71D2B7B5A00C44B1B /* Info.plist */ = {isa = PBXFileReference; lastKnownFileType = text.plist.xml; path = Info.plist; sourceTree = "<group>"; };
		A2E280FC1D2B7B5A00C44B1B /* FoodTrackerTests.xctest */ = {isa = PBXFileReference; explicitFileType = wrapper.cfbundle; includeInIndex = 0; path = FoodTrackerTests.xctest; sourceTree = BUILT_PRODUCTS_DIR; };
		A2E281001D2B7B5A00C44B1B /* FoodTrackerTests.swift */ = {isa = PBXFileReference; lastKnownFileType = sourcecode.swift; path = FoodTrackerTests.swift; sourceTree = "<group>"; };
		A2E281021D2B7B5A00C44B1B /* Info.plist */ = {isa = PBXFileReference; lastKnownFileType = text.plist.xml; path = Info.plist; sourceTree = "<group>"; };
		A2E2810B1D2DF77400C44B1B /* RatingControl.swift */ = {isa = PBXFileReference; fileEncoding = 4; lastKnownFileType = sourcecode.swift; path = RatingControl.swift; sourceTree = "<group>"; };
		A2E2810D1D319D8200C44B1B /* Meal.swift */ = {isa = PBXFileReference; fileEncoding = 4; lastKnownFileType = sourcecode.swift; path = Meal.swift; sourceTree = "<group>"; };
		A2E281101D31A5AE00C44B1B /* MealTableViewCell.swift */ = {isa = PBXFileReference; fileEncoding = 4; lastKnownFileType = sourcecode.swift; path = MealTableViewCell.swift; sourceTree = "<group>"; };
		A2E281121D31AECC00C44B1B /* MealTableViewController.swift */ = {isa = PBXFileReference; fileEncoding = 4; lastKnownFileType = sourcecode.swift; path = MealTableViewController.swift; sourceTree = "<group>"; };
		A2E281131D31AECC00C44B1B /* MealTableViewController.xib */ = {isa = PBXFileReference; fileEncoding = 4; lastKnownFileType = file.xib; path = MealTableViewController.xib; sourceTree = "<group>"; };
/* End PBXFileReference section */

/* Begin PBXFrameworksBuildPhase section */
		A2E280E51D2B7B5A00C44B1B /* Frameworks */ = {
			isa = PBXFrameworksBuildPhase;
			buildActionMask = 2147483647;
			files = (
			);
			runOnlyForDeploymentPostprocessing = 0;
		};
		A2E280F91D2B7B5A00C44B1B /* Frameworks */ = {
			isa = PBXFrameworksBuildPhase;
			buildActionMask = 2147483647;
			files = (
			);
			runOnlyForDeploymentPostprocessing = 0;
		};
/* End PBXFrameworksBuildPhase section */

/* Begin PBXGroup section */
		A2E280DF1D2B7B5A00C44B1B = {
			isa = PBXGroup;
			children = (
				A2E2810D1D319D8200C44B1B /* Meal.swift */,
				A2E280EA1D2B7B5A00C44B1B /* FoodTracker */,
				A2E280FF1D2B7B5A00C44B1B /* FoodTrackerTests */,
				A2E280E91D2B7B5A00C44B1B /* Products */,
			);
			sourceTree = "<group>";
		};
		A2E280E91D2B7B5A00C44B1B /* Products */ = {
			isa = PBXGroup;
			children = (
				A2E280E81D2B7B5A00C44B1B /* FoodTracker.app */,
				A2E280FC1D2B7B5A00C44B1B /* FoodTrackerTests.xctest */,
			);
			name = Products;
			sourceTree = "<group>";
		};
		A2E280EA1D2B7B5A00C44B1B /* FoodTracker */ = {
			isa = PBXGroup;
			children = (
				A2E280EB1D2B7B5A00C44B1B /* AppDelegate.swift */,
				A2E280ED1D2B7B5A00C44B1B /* MealViewController.swift */,
				A2E280EF1D2B7B5A00C44B1B /* Main.storyboard */,
				A2E281121D31AECC00C44B1B /* MealTableViewController.swift */,
				A2E281131D31AECC00C44B1B /* MealTableViewController.xib */,
				A2E281101D31A5AE00C44B1B /* MealTableViewCell.swift */,
				A2E2810B1D2DF77400C44B1B /* RatingControl.swift */,
				A2E280F21D2B7B5A00C44B1B /* Assets.xcassets */,
				A2E280F41D2B7B5A00C44B1B /* LaunchScreen.storyboard */,
				A2E280F71D2B7B5A00C44B1B /* Info.plist */,
			);
			path = FoodTracker;
			sourceTree = "<group>";
		};
		A2E280FF1D2B7B5A00C44B1B /* FoodTrackerTests */ = {
			isa = PBXGroup;
			children = (
				A2E281001D2B7B5A00C44B1B /* FoodTrackerTests.swift */,
				A2E281021D2B7B5A00C44B1B /* Info.plist */,
			);
			path = FoodTrackerTests;
			sourceTree = "<group>";
		};
/* End PBXGroup section */

/* Begin PBXNativeTarget section */
		A2E280E71D2B7B5A00C44B1B /* FoodTracker */ = {
			isa = PBXNativeTarget;
			buildConfigurationList = A2E281051D2B7B5A00C44B1B /* Build configuration list for PBXNativeTarget "FoodTracker" */;
			buildPhases = (
				A2E280E41D2B7B5A00C44B1B /* Sources */,
				A2E280E51D2B7B5A00C44B1B /* Frameworks */,
				A2E280E61D2B7B5A00C44B1B /* Resources */,
			);
			buildRules = (
			);
			dependencies = (
			);
			name = FoodTracker;
			productName = FoodTracker;
			productReference = A2E280E81D2B7B5A00C44B1B /* FoodTracker.app */;
			productType = "com.apple.product-type.application";
		};
		A2E280FB1D2B7B5A00C44B1B /* FoodTrackerTests */ = {
			isa = PBXNativeTarget;
			buildConfigurationList = A2E281081D2B7B5A00C44B1B /* Build configuration list for PBXNativeTarget "FoodTrackerTests" */;
			buildPhases = (
				A2E280F81D2B7B5A00C44B1B /* Sources */,
				A2E280F91D2B7B5A00C44B1B /* Frameworks */,
				A2E280FA1D2B7B5A00C44B1B /* Resources */,
			);
			buildRules = (
			);
			dependencies = (
				A2E280FE1D2B7B5A00C44B1B /* PBXTargetDependency */,
			);
			name = FoodTrackerTests;
			productName = FoodTrackerTests;
			productReference = A2E280FC1D2B7B5A00C44B1B /* FoodTrackerTests.xctest */;
			productType = "com.apple.product-type.bundle.unit-test";
		};
/* End PBXNativeTarget section */

/* Begin PBXProject section */
		A2E280E01D2B7B5A00C44B1B /* Project object */ = {
			isa = PBXProject;
			attributes = {
				LastSwiftUpdateCheck = 0730;
				LastUpgradeCheck = 0730;
				ORGANIZATIONNAME = jfrazer;
				TargetAttributes = {
					A2E280E71D2B7B5A00C44B1B = {
						CreatedOnToolsVersion = 7.3.1;
					};
					A2E280FB1D2B7B5A00C44B1B = {
						CreatedOnToolsVersion = 7.3.1;
						TestTargetID = A2E280E71D2B7B5A00C44B1B;
					};
				};
			};
			buildConfigurationList = A2E280E31D2B7B5A00C44B1B /* Build configuration list for PBXProject "FoodTracker" */;
			compatibilityVersion = "Xcode 3.2";
			developmentRegion = English;
			hasScannedForEncodings = 0;
			knownRegions = (
				en,
				Base,
			);
			mainGroup = A2E280DF1D2B7B5A00C44B1B;
			productRefGroup = A2E280E91D2B7B5A00C44B1B /* Products */;
			projectDirPath = "";
			projectRoot = "";
			targets = (
				A2E280E71D2B7B5A00C44B1B /* FoodTracker */,
				A2E280FB1D2B7B5A00C44B1B /* FoodTrackerTests */,
			);
		};
/* End PBXProject section */

/* Begin PBXResourcesBuildPhase section */
		A2E280E61D2B7B5A00C44B1B /* Resources */ = {
			isa = PBXResourcesBuildPhase;
			buildActionMask = 2147483647;
			files = (
				A2E280F61D2B7B5A00C44B1B /* LaunchScreen.storyboard in Resources */,
				A2E280F31D2B7B5A00C44B1B /* Assets.xcassets in Resources */,
				A2E281151D31AECC00C44B1B /* MealTableViewController.xib in Resources */,
				A2E280F11D2B7B5A00C44B1B /* Main.storyboard in Resources */,
			);
			runOnlyForDeploymentPostprocessing = 0;
		};
		A2E280FA1D2B7B5A00C44B1B /* Resources */ = {
			isa = PBXResourcesBuildPhase;
			buildActionMask = 2147483647;
			files = (
			);
			runOnlyForDeploymentPostprocessing = 0;
		};
/* End PBXResourcesBuildPhase section */

/* Begin PBXSourcesBuildPhase section */
		A2E280E41D2B7B5A00C44B1B /* Sources */ = {
			isa = PBXSourcesBuildPhase;
			buildActionMask = 2147483647;
			files = (
				A2E2810E1D319D8200C44B1B /* Meal.swift in Sources */,
				A2E280EE1D2B7B5A00C44B1B /* MealViewController.swift in Sources */,
				A2E2810C1D2DF77400C44B1B /* RatingControl.swift in Sources */,
				A2E280EC1D2B7B5A00C44B1B /* AppDelegate.swift in Sources */,
				A2E281141D31AECC00C44B1B /* MealTableViewController.swift in Sources */,
				A2E281111D31A5AE00C44B1B /* MealTableViewCell.swift in Sources */,
			);
			runOnlyForDeploymentPostprocessing = 0;
		};
		A2E280F81D2B7B5A00C44B1B /* Sources */ = {
			isa = PBXSourcesBuildPhase;
			buildActionMask = 2147483647;
			files = (
				A2E2810F1D319D8200C44B1B /* Meal.swift in Sources */,
				A2E281011D2B7B5A00C44B1B /* FoodTrackerTests.swift in Sources */,
			);
			runOnlyForDeploymentPostprocessing = 0;
		};
/* End PBXSourcesBuildPhase section */

/* Begin PBXTargetDependency section */
		A2E280FE1D2B7B5A00C44B1B /* PBXTargetDependency */ = {
			isa = PBXTargetDependency;
			target = A2E280E71D2B7B5A00C44B1B /* FoodTracker */;
			targetProxy = A2E280FD1D2B7B5A00C44B1B /* PBXContainerItemProxy */;
		};
/* End PBXTargetDependency section */

/* Begin PBXVariantGroup section */
		A2E280EF1D2B7B5A00C44B1B /* Main.storyboard */ = {
			isa = PBXVariantGroup;
			children = (
				A2E280F01D2B7B5A00C44B1B /* Base */,
			);
			name = Main.storyboard;
			sourceTree = "<group>";
		};
		A2E280F41D2B7B5A00C44B1B /* LaunchScreen.storyboard */ = {
			isa = PBXVariantGroup;
			children = (
				A2E280F51D2B7B5A00C44B1B /* Base */,
			);
			name = LaunchScreen.storyboard;
			sourceTree = "<group>";
		};
/* End PBXVariantGroup section */

/* Begin XCBuildConfiguration section */
		A2E281031D2B7B5A00C44B1B /* Debug */ = {
			isa = XCBuildConfiguration;
			buildSettings = {
				ALWAYS_SEARCH_USER_PATHS = NO;
				CLANG_ANALYZER_NONNULL = YES;
				CLANG_CXX_LANGUAGE_STANDARD = "gnu++0x";
				CLANG_CXX_LIBRARY = "libc++";
				CLANG_ENABLE_MODULES = YES;
				CLANG_ENABLE_OBJC_ARC = YES;
				CLANG_WARN_BOOL_CONVERSION = YES;
				CLANG_WARN_CONSTANT_CONVERSION = YES;
				CLANG_WARN_DIRECT_OBJC_ISA_USAGE = YES_ERROR;
				CLANG_WARN_EMPTY_BODY = YES;
				CLANG_WARN_ENUM_CONVERSION = YES;
				CLANG_WARN_INT_CONVERSION = YES;
				CLANG_WARN_OBJC_ROOT_CLASS = YES_ERROR;
				CLANG_WARN_UNREACHABLE_CODE = YES;
				CLANG_WARN__DUPLICATE_METHOD_MATCH = YES;
				"CODE_SIGN_IDENTITY[sdk=iphoneos*]" = "iPhone Developer";
				COPY_PHASE_STRIP = NO;
				DEBUG_INFORMATION_FORMAT = dwarf;
				ENABLE_STRICT_OBJC_MSGSEND = YES;
				ENABLE_TESTABILITY = YES;
				GCC_C_LANGUAGE_STANDARD = gnu99;
				GCC_DYNAMIC_NO_PIC = NO;
				GCC_NO_COMMON_BLOCKS = YES;
				GCC_OPTIMIZATION_LEVEL = 0;
				GCC_PREPROCESSOR_DEFINITIONS = (
					"DEBUG=1",
					"$(inherited)",
				);
				GCC_WARN_64_TO_32_BIT_CONVERSION = YES;
				GCC_WARN_ABOUT_RETURN_TYPE = YES_ERROR;
				GCC_WARN_UNDECLARED_SELECTOR = YES;
				GCC_WARN_UNINITIALIZED_AUTOS = YES_AGGRESSIVE;
				GCC_WARN_UNUSED_FUNCTION = YES;
				GCC_WARN_UNUSED_VARIABLE = YES;
				IPHONEOS_DEPLOYMENT_TARGET = 9.3;
				MTL_ENABLE_DEBUG_INFO = YES;
				ONLY_ACTIVE_ARCH = YES;
				SDKROOT = iphoneos;
				SWIFT_OPTIMIZATION_LEVEL = "-Onone";
				TARGETED_DEVICE_FAMILY = "1,2";
			};
			name = Debug;
		};
		A2E281041D2B7B5A00C44B1B /* Release */ = {
			isa = XCBuildConfiguration;
			buildSettings = {
				ALWAYS_SEARCH_USER_PATHS = NO;
				CLANG_ANALYZER_NONNULL = YES;
				CLANG_CXX_LANGUAGE_STANDARD = "gnu++0x";
				CLANG_CXX_LIBRARY = "libc++";
				CLANG_ENABLE_MODULES = YES;
				CLANG_ENABLE_OBJC_ARC = YES;
				CLANG_WARN_BOOL_CONVERSION = YES;
				CLANG_WARN_CONSTANT_CONVERSION = YES;
				CLANG_WARN_DIRECT_OBJC_ISA_USAGE = YES_ERROR;
				CLANG_WARN_EMPTY_BODY = YES;
				CLANG_WARN_ENUM_CONVERSION = YES;
				CLANG_WARN_INT_CONVERSION = YES;
				CLANG_WARN_OBJC_ROOT_CLASS = YES_ERROR;
				CLANG_WARN_UNREACHABLE_CODE = YES;
				CLANG_WARN__DUPLICATE_METHOD_MATCH = YES;
				"CODE_SIGN_IDENTITY[sdk=iphoneos*]" = "iPhone Developer";
				COPY_PHASE_STRIP = NO;
				DEBUG_INFORMATION_FORMAT = "dwarf-with-dsym";
				ENABLE_NS_ASSERTIONS = NO;
				ENABLE_STRICT_OBJC_MSGSEND = YES;
				GCC_C_LANGUAGE_STANDARD = gnu99;
				GCC_NO_COMMON_BLOCKS = YES;
				GCC_WARN_64_TO_32_BIT_CONVERSION = YES;
				GCC_WARN_ABOUT_RETURN_TYPE = YES_ERROR;
				GCC_WARN_UNDECLARED_SELECTOR = YES;
				GCC_WARN_UNINITIALIZED_AUTOS = YES_AGGRESSIVE;
				GCC_WARN_UNUSED_FUNCTION = YES;
				GCC_WARN_UNUSED_VARIABLE = YES;
				IPHONEOS_DEPLOYMENT_TARGET = 9.3;
				MTL_ENABLE_DEBUG_INFO = NO;
				SDKROOT = iphoneos;
				TARGETED_DEVICE_FAMILY = "1,2";
				VALIDATE_PRODUCT = YES;
			};
			name = Release;
		};
		A2E281061D2B7B5A00C44B1B /* Debug */ = {
			isa = XCBuildConfiguration;
			buildSettings = {
				ASSETCATALOG_COMPILER_APPICON_NAME = AppIcon;
				INFOPLIST_FILE = FoodTracker/Info.plist;
				LD_RUNPATH_SEARCH_PATHS = "$(inherited) @executable_path/Frameworks";
				PRODUCT_BUNDLE_IDENTIFIER = "jfrazer-mines.edu.FoodTracker";
				PRODUCT_NAME = "$(TARGET_NAME)";
			};
			name = Debug;
		};
		A2E281071D2B7B5A00C44B1B /* Release */ = {
			isa = XCBuildConfiguration;
			buildSettings = {
				ASSETCATALOG_COMPILER_APPICON_NAME = AppIcon;
				INFOPLIST_FILE = FoodTracker/Info.plist;
				LD_RUNPATH_SEARCH_PATHS = "$(inherited) @executable_path/Frameworks";
				PRODUCT_BUNDLE_IDENTIFIER = "jfrazer-mines.edu.FoodTracker";
				PRODUCT_NAME = "$(TARGET_NAME)";
			};
			name = Release;
		};
		A2E281091D2B7B5A00C44B1B /* Debug */ = {
			isa = XCBuildConfiguration;
			buildSettings = {
				BUNDLE_LOADER = "$(TEST_HOST)";
				INFOPLIST_FILE = FoodTrackerTests/Info.plist;
				LD_RUNPATH_SEARCH_PATHS = "$(inherited) @executable_path/Frameworks @loader_path/Frameworks";
				PRODUCT_BUNDLE_IDENTIFIER = "jfrazer-mines.edu.FoodTrackerTests";
				PRODUCT_NAME = "$(TARGET_NAME)";
				TEST_HOST = "$(BUILT_PRODUCTS_DIR)/FoodTracker.app/FoodTracker";
			};
			name = Debug;
		};
		A2E2810A1D2B7B5A00C44B1B /* Release */ = {
			isa = XCBuildConfiguration;
			buildSettings = {
				BUNDLE_LOADER = "$(TEST_HOST)";
				INFOPLIST_FILE = FoodTrackerTests/Info.plist;
				LD_RUNPATH_SEARCH_PATHS = "$(inherited) @executable_path/Frameworks @loader_path/Frameworks";
				PRODUCT_BUNDLE_IDENTIFIER = "jfrazer-mines.edu.FoodTrackerTests";
				PRODUCT_NAME = "$(TARGET_NAME)";
				TEST_HOST = "$(BUILT_PRODUCTS_DIR)/FoodTracker.app/FoodTracker";
			};
			name = Release;
		};
/* End XCBuildConfiguration section */

/* Begin XCConfigurationList section */
		A2E280E31D2B7B5A00C44B1B /* Build configuration list for PBXProject "FoodTracker" */ = {
			isa = XCConfigurationList;
			buildConfigurations = (
				A2E281031D2B7B5A00C44B1B /* Debug */,
				A2E281041D2B7B5A00C44B1B /* Release */,
			);
			defaultConfigurationIsVisible = 0;
			defaultConfigurationName = Release;
		};
		A2E281051D2B7B5A00C44B1B /* Build configuration list for PBXNativeTarget "FoodTracker" */ = {
			isa = XCConfigurationList;
			buildConfigurations = (
				A2E281061D2B7B5A00C44B1B /* Debug */,
				A2E281071D2B7B5A00C44B1B /* Release */,
			);
			defaultConfigurationIsVisible = 0;
		};
		A2E281081D2B7B5A00C44B1B /* Build configuration list for PBXNativeTarget "FoodTrackerTests" */ = {
			isa = XCConfigurationList;
			buildConfigurations = (
				A2E281091D2B7B5A00C44B1B /* Debug */,
				A2E2810A1D2B7B5A00C44B1B /* Release */,
			);
			defaultConfigurationIsVisible = 0;
		};
/* End XCConfigurationList section */
	};
	rootObject = A2E280E01D2B7B5A00C44B1B /* Project object */;
}
